
Microsoft Visual Studio Solution File, Format Version 12.00
# Visual Studio Version 16
VisualStudioVersion = 16.0.30717.126
MinimumVisualStudioVersion = 10.0.40219.1
Project("{FAE04EC0-301F-11D3-BF4B-00C04F79EFBC}") = "General.Repository", "General.Repository\General.Repository.csproj", "{90E013C0-9727-4DA1-BE8A-E9B770C64349}"
EndProject
Project("{FAE04EC0-301F-11D3-BF4B-00C04F79EFBC}") = "Clinic.Repository", "Clinic.Repository\Clinic.Repository.csproj", "{316B6E8F-D036-4E86-9E40-D4EE3A37D0DD}"
EndProject
Project("{FAE04EC0-301F-11D3-BF4B-00C04F79EFBC}") = "Clinic.DAL", "Clinic.DAL\Clinic.DAL.csproj", "{FD194217-E9DA-4EE9-8FC0-0CEDF8279936}"
EndProject
Project("{FAE04EC0-301F-11D3-BF4B-00C04F79EFBC}") = "Clinic.BLL", "Clinic.BLL\Clinic.BLL.csproj", "{4BB203AE-3845-4222-8065-2C372A7B7F6D}"
EndProject
Project("{FAE04EC0-301F-11D3-BF4B-00C04F79EFBC}") = "Wpf.Server", "Wpf.Server\Wpf.Server.csproj", "{C3FAF14E-2368-4EBA-A6D4-3F62522997B0}"
EndProject
Project("{FAE04EC0-301F-11D3-BF4B-00C04F79EFBC}") = "Wpf.Administrator", "Wpf.Administrator\Wpf.Administrator.csproj", "{C3252A0C-2704-44C1-AB96-409A13786733}"
EndProject
Project("{FAE04EC0-301F-11D3-BF4B-00C04F79EFBC}") = "Wpf.Doctor", "Wpf.Doctor\Wpf.Doctor.csproj", "{787301AE-AB16-442D-BAB2-9818FA9D1318}"
EndProject
Project("{FAE04EC0-301F-11D3-BF4B-00C04F79EFBC}") = "Wpf.Patient", "Wpf.Patient\Wpf.Patient.csproj", "{0437E419-8ADA-4605-8148-CB0AAFE24FFC}"
EndProject
Global
	GlobalSection(SolutionConfigurationPlatforms) = preSolution
		Debug|Any CPU = Debug|Any CPU
		Release|Any CPU = Release|Any CPU
	EndGlobalSection
	GlobalSection(ProjectConfigurationPlatforms) = postSolution
		{90E013C0-9727-4DA1-BE8A-E9B770C64349}.Debug|Any CPU.ActiveCfg = Debug|Any CPU
		{90E013C0-9727-4DA1-BE8A-E9B770C64349}.Debug|Any CPU.Build.0 = Debug|Any CPU
		{90E013C0-9727-4DA1-BE8A-E9B770C64349}.Release|Any CPU.ActiveCfg = Release|Any CPU
		{90E013C0-9727-4DA1-BE8A-E9B770C64349}.Release|Any CPU.Build.0 = Release|Any CPU
		{316B6E8F-D036-4E86-9E40-D4EE3A37D0DD}.Debug|Any CPU.ActiveCfg = Debug|Any CPU
		{316B6E8F-D036-4E86-9E40-D4EE3A37D0DD}.Debug|Any CPU.Build.0 = Debug|Any CPU
		{316B6E8F-D036-4E86-9E40-D4EE3A37D0DD}.Release|Any CPU.ActiveCfg = Release|Any CPU
		{316B6E8F-D036-4E86-9E40-D4EE3A37D0DD}.Release|Any CPU.Build.0 = Release|Any CPU
		{FD194217-E9DA-4EE9-8FC0-0CEDF8279936}.Debug|Any CPU.ActiveCfg = Debug|Any CPU
		{FD194217-E9DA-4EE9-8FC0-0CEDF8279936}.Debug|Any CPU.Build.0 = Debug|Any CPU
		{FD194217-E9DA-4EE9-8FC0-0CEDF8279936}.Release|Any CPU.ActiveCfg = Release|Any CPU
		{FD194217-E9DA-4EE9-8FC0-0CEDF8279936}.Release|Any CPU.Build.0 = Release|Any CPU
		{4BB203AE-3845-4222-8065-2C372A7B7F6D}.Debug|Any CPU.ActiveCfg = Debug|Any CPU
		{4BB203AE-3845-4222-8065-2C372A7B7F6D}.Debug|Any CPU.Build.0 = Debug|Any CPU
		{4BB203AE-3845-4222-8065-2C372A7B7F6D}.Release|Any CPU.ActiveCfg = Release|Any CPU
		{4BB203AE-3845-4222-8065-2C372A7B7F6D}.Release|Any CPU.Build.0 = Release|Any CPU
		{C3FAF14E-2368-4EBA-A6D4-3F62522997B0}.Debug|Any CPU.ActiveCfg = Debug|Any CPU
		{C3FAF14E-2368-4EBA-A6D4-3F62522997B0}.Debug|Any CPU.Build.0 = Debug|Any CPU
		{C3FAF14E-2368-4EBA-A6D4-3F62522997B0}.Release|Any CPU.ActiveCfg = Release|Any CPU
		{C3FAF14E-2368-4EBA-A6D4-3F62522997B0}.Release|Any CPU.Build.0 = Release|Any CPU
		{C3252A0C-2704-44C1-AB96-409A13786733}.Debug|Any CPU.ActiveCfg = Debug|Any CPU
		{C3252A0C-2704-44C1-AB96-409A13786733}.Debug|Any CPU.Build.0 = Debug|Any CPU
		{C3252A0C-2704-44C1-AB96-409A13786733}.Release|Any CPU.ActiveCfg = Release|Any CPU
		{C3252A0C-2704-44C1-AB96-409A13786733}.Release|Any CPU.Build.0 = Release|Any CPU
		{787301AE-AB16-442D-BAB2-9818FA9D1318}.Debug|Any CPU.ActiveCfg = Debug|Any CPU
		{787301AE-AB16-442D-BAB2-9818FA9D1318}.Debug|Any CPU.Build.0 = Debug|Any CPU
		{787301AE-AB16-442D-BAB2-9818FA9D1318}.Release|Any CPU.ActiveCfg = Release|Any CPU
		{787301AE-AB16-442D-BAB2-9818FA9D1318}.Release|Any CPU.Build.0 = Release|Any CPU
		{0437E419-8ADA-4605-8148-CB0AAFE24FFC}.Debug|Any CPU.ActiveCfg = Debug|Any CPU
		{0437E419-8ADA-4605-8148-CB0AAFE24FFC}.Debug|Any CPU.Build.0 = Debug|Any CPU
		{0437E419-8ADA-4605-8148-CB0AAFE24FFC}.Release|Any CPU.ActiveCfg = Release|Any CPU
		{0437E419-8ADA-4605-8148-CB0AAFE24FFC}.Release|Any CPU.Build.0 = Release|Any CPU
	EndGlobalSection
	GlobalSection(SolutionProperties) = preSolution
		HideSolutionNode = FALSE
	EndGlobalSection
	GlobalSection(ExtensibilityGlobals) = postSolution
		SolutionGuid = {CF508D8F-3771-4690-8628-6013E10963F4}
	EndGlobalSection
EndGlobal
